{
  "name": "taktid",
  "version": "1.0.0",
  "lockfileVersion": 3,
  "requires": true,
  "packages": {
    "": {
      "name": "taktid",
      "version": "1.0.0",
      "license": "ISC",
      "dependencies": {
        "@primeuix/themes": "^1.2.3",
        "i": "^0.3.7"
      }
    },
    "node_modules/@primeuix/styled": {
      "version": "0.7.4",
      "resolved": "https://registry.npmjs.org/@primeuix/styled/-/styled-0.7.4.tgz",
      "integrity": "sha512-QSO/NpOQg8e9BONWRBx9y8VGMCMYz0J/uKfNJEya/RGEu7ARx0oYW0ugI1N3/KB1AAvyGxzKBzGImbwg0KUiOQ==",
      "license": "MIT",
      "dependencies": {
        "@primeuix/utils": "^0.6.1"
      },
      "engines": {
        "node": ">=12.11.0"
      }
    },
    "node_modules/@primeuix/themes": {
      "version": "1.2.3",
      "resolved": "https://registry.npmjs.org/@primeuix/themes/-/themes-1.2.3.tgz",
      "integrity": "sha512-GLAU2h6lhgln2w10EQalUQlgwbgQ0xZoIOLMNGfIvqU4O09L282P7rwKCKQksvAGAFt1GoO/Q1NgBSxnttr7iA==",
      "license": "MIT",
      "dependencies": {
        "@primeuix/styled": "^0.7.2"
      }
    },
    "node_modules/@primeuix/utils": {
      "version": "0.6.4",
      "resolved": "https://registry.npmjs.org/@primeuix/utils/-/utils-0.6.4.tgz",
      "integrity": "sha512-pZ5f+vj7wSzRhC7KoEQRU5fvYAe+RP9+m39CTscZ3UywCD1Y2o6Fe1rRgklMPSkzUcty2jzkA0zMYkiJBD1hgg==",
      "license": "MIT",
      "engines": {
        "node": ">=12.11.0"
      }
    },
    "node_modules/i": {
      "version": "0.3.7",
      "resolved": "https://registry.npmjs.org/i/-/i-0.3.7.tgz",
      "integrity": "sha512-FYz4wlXgkQwIPqhzC5TdNMLSE5+GS1IIDJZY/1ZiEPCT2S3COUVZeT5OW4BmW4r5LHLQuOosSwsvnroG9GR59Q==",
      "engines": {
        "node": ">=0.4"
      }
    }
  }
}
